
Microsoft Visual Studio Solution File, Format Version 12.00
# Visual Studio 2013
VisualStudioVersion = 12.0.31101.0
MinimumVisualStudioVersion = 10.0.40219.1
Project("{FAE04EC0-301F-11D3-BF4B-00C04F79EFBC}") = "LibraryApp", "LibraryApp\LibraryApp.csproj", "{F322A5EA-5CCF-4515-AC35-CB4954FFFC32}"
EndProject
Project("{FAE04EC0-301F-11D3-BF4B-00C04F79EFBC}") = "LibraryModel", "LibraryModel\LibraryModel.csproj", "{E88FE88E-E4E1-4F00-AB32-59C2236CB37F}"
EndProject
Global
	GlobalSection(SolutionConfigurationPlatforms) = preSolution
		Debug|Any CPU = Debug|Any CPU
		Release|Any CPU = Release|Any CPU
	EndGlobalSection
	GlobalSection(ProjectConfigurationPlatforms) = postSolution
		{F322A5EA-5CCF-4515-AC35-CB4954FFFC32}.Debug|Any CPU.ActiveCfg = Debug|Any CPU
		{F322A5EA-5CCF-4515-AC35-CB4954FFFC32}.Debug|Any CPU.Build.0 = Debug|Any CPU
		{F322A5EA-5CCF-4515-AC35-CB4954FFFC32}.Release|Any CPU.ActiveCfg = Release|Any CPU
		{F322A5EA-5CCF-4515-AC35-CB4954FFFC32}.Release|Any CPU.Build.0 = Release|Any CPU
		{E88FE88E-E4E1-4F00-AB32-59C2236CB37F}.Debug|Any CPU.ActiveCfg = Debug|Any CPU
		{E88FE88E-E4E1-4F00-AB32-59C2236CB37F}.Debug|Any CPU.Build.0 = Debug|Any CPU
		{E88FE88E-E4E1-4F00-AB32-59C2236CB37F}.Release|Any CPU.ActiveCfg = Release|Any CPU
		{E88FE88E-E4E1-4F00-AB32-59C2236CB37F}.Release|Any CPU.Build.0 = Release|Any CPU
	EndGlobalSection
	GlobalSection(SolutionProperties) = preSolution
		HideSolutionNode = FALSE
	EndGlobalSection
EndGlobal
