
Microsoft Visual Studio Solution File, Format Version 12.00
# Visual Studio 2013
VisualStudioVersion = 12.0.31101.0
MinimumVisualStudioVersion = 10.0.40219.1
Project("{FAE04EC0-301F-11D3-BF4B-00C04F79EFBC}") = "AnimalLib", "AnimalLib\AnimalLib.csproj", "{56383E3D-A373-41A6-A05F-00B2184E8D94}"
EndProject
Project("{FAE04EC0-301F-11D3-BF4B-00C04F79EFBC}") = "AnimalCollections", "AnimalCollections\AnimalCollections.csproj", "{3157ED68-82AE-4F23-B4D8-A2FB4DE72614}"
EndProject
Global
	GlobalSection(SolutionConfigurationPlatforms) = preSolution
		Debug|Any CPU = Debug|Any CPU
		Release|Any CPU = Release|Any CPU
	EndGlobalSection
	GlobalSection(ProjectConfigurationPlatforms) = postSolution
		{56383E3D-A373-41A6-A05F-00B2184E8D94}.Debug|Any CPU.ActiveCfg = Debug|Any CPU
		{56383E3D-A373-41A6-A05F-00B2184E8D94}.Debug|Any CPU.Build.0 = Debug|Any CPU
		{56383E3D-A373-41A6-A05F-00B2184E8D94}.Release|Any CPU.ActiveCfg = Release|Any CPU
		{56383E3D-A373-41A6-A05F-00B2184E8D94}.Release|Any CPU.Build.0 = Release|Any CPU
		{3157ED68-82AE-4F23-B4D8-A2FB4DE72614}.Debug|Any CPU.ActiveCfg = Debug|Any CPU
		{3157ED68-82AE-4F23-B4D8-A2FB4DE72614}.Debug|Any CPU.Build.0 = Debug|Any CPU
		{3157ED68-82AE-4F23-B4D8-A2FB4DE72614}.Release|Any CPU.ActiveCfg = Release|Any CPU
		{3157ED68-82AE-4F23-B4D8-A2FB4DE72614}.Release|Any CPU.Build.0 = Release|Any CPU
	EndGlobalSection
	GlobalSection(SolutionProperties) = preSolution
		HideSolutionNode = FALSE
	EndGlobalSection
EndGlobal
